// !$*UTF8*$!
{
	archiveVersion = 1;
	classes = {
	};
	objectVersion = 77;
	objects = {

/* Begin PBXBuildFile section */
		FB882DF62E41D39B006148B8 /* ARKit.framework in Frameworks */ = {isa = PBXBuildFile; fileRef = FB882DF52E41D39B006148B8 /* ARKit.framework */; };
		FB882DF82E41D3A5006148B8 /* RealityKit.framework in Frameworks */ = {isa = PBXBuildFile; fileRef = FB882DF72E41D3A5006148B8 /* RealityKit.framework */; };
/* End PBXBuildFile section */

/* Begin PBXContainerItemProxy section */
		FB882DD82E40EC35006148B8 /* PBXContainerItemProxy */ = {
			isa = PBXContainerItemProxy;
			containerPortal = FB882DC12E40EC22006148B8 /* Project object */;
			proxyType = 1;
			remoteGlobalIDString = FB882DC82E40EC22006148B8;
			remoteInfo = Interior_design;
		};
		FB882DE22E40EC35006148B8 /* PBXContainerItemProxy */ = {
			isa = PBXContainerItemProxy;
			containerPortal = FB882DC12E40EC22006148B8 /* Project object */;
			proxyType = 1;
			remoteGlobalIDString = FB882DC82E40EC22006148B8;
			remoteInfo = Interior_design;
		};
/* End PBXContainerItemProxy section */

/* Begin PBXFileReference section */
		FB882DC92E40EC22006148B8 /* Interior_design.app */ = {isa = PBXFileReference; explicitFileType = wrapper.application; includeInIndex = 0; path = Interior_design.app; sourceTree = BUILT_PRODUCTS_DIR; };
		FB882DD72E40EC35006148B8 /* Interior_designTests.xctest */ = {isa = PBXFileReference; explicitFileType = wrapper.cfbundle; includeInIndex = 0; path = Interior_designTests.xctest; sourceTree = BUILT_PRODUCTS_DIR; };
		FB882DE12E40EC35006148B8 /* Interior_designUITests.xctest */ = {isa = PBXFileReference; explicitFileType = wrapper.cfbundle; includeInIndex = 0; path = Interior_designUITests.xctest; sourceTree = BUILT_PRODUCTS_DIR; };
		FB882DF52E41D39B006148B8 /* ARKit.framework */ = {isa = PBXFileReference; lastKnownFileType = wrapper.framework; name = ARKit.framework; path = Platforms/iPhoneOS.platform/Developer/SDKs/iPhoneOS18.5.sdk/System/Library/Frameworks/ARKit.framework; sourceTree = DEVELOPER_DIR; };
		FB882DF72E41D3A5006148B8 /* RealityKit.framework */ = {isa = PBXFileReference; lastKnownFileType = wrapper.framework; name = RealityKit.framework; path = Platforms/iPhoneOS.platform/Developer/SDKs/iPhoneOS18.5.sdk/System/Library/Frameworks/RealityKit.framework; sourceTree = DEVELOPER_DIR; };
/* End PBXFileReference section */

/* Begin PBXFileSystemSynchronizedRootGroup section */
		FB882DCB2E40EC22006148B8 /* Interior_design */ = {
			isa = PBXFileSystemSynchronizedRootGroup;
			path = Interior_design;
			sourceTree = "<group>";
		};
		FB882DDA2E40EC35006148B8 /* Interior_designTests */ = {
			isa = PBXFileSystemSynchronizedRootGroup;
			path = Interior_designTests;
			sourceTree = "<group>";
		};
		FB882DE42E40EC35006148B8 /* Interior_designUITests */ = {
			isa = PBXFileSystemSynchronizedRootGroup;
			path = Interior_designUITests;
			sourceTree = "<group>";
		};
/* End PBXFileSystemSynchronizedRootGroup section */

/* Begin PBXFrameworksBuildPhase section */
		FB882DC62E40EC22006148B8 /* Frameworks */ = {
			isa = PBXFrameworksBuildPhase;
			buildActionMask = 2147483647;
			files = (
				FB882DF82E41D3A5006148B8 /* RealityKit.framework in Frameworks */,
				FB882DF62E41D39B006148B8 /* ARKit.framework in Frameworks */,
			);
			runOnlyForDeploymentPostprocessing = 0;
		};
		FB882DD42E40EC35006148B8 /* Frameworks */ = {
			isa = PBXFrameworksBuildPhase;
			buildActionMask = 2147483647;
			files = (
			);
			runOnlyForDeploymentPostprocessing = 0;
		};
		FB882DDE2E40EC35006148B8 /* Frameworks */ = {
			isa = PBXFrameworksBuildPhase;
			buildActionMask = 2147483647;
			files = (
			);
			runOnlyForDeploymentPostprocessing = 0;
		};
/* End PBXFrameworksBuildPhase section */

/* Begin PBXGroup section */
		FB882DC02E40EC22006148B8 = {
			isa = PBXGroup;
			children = (
				FB882DCB2E40EC22006148B8 /* Interior_design */,
				FB882DDA2E40EC35006148B8 /* Interior_designTests */,
				FB882DE42E40EC35006148B8 /* Interior_designUITests */,
				FB882DF42E41D39A006148B8 /* Frameworks */,
				FB882DCA2E40EC22006148B8 /* Products */,
			);
			sourceTree = "<group>";
		};
		FB882DCA2E40EC22006148B8 /* Products */ = {
			isa = PBXGroup;
			children = (
				FB882DC92E40EC22006148B8 /* Interior_design.app */,
				FB882DD72E40EC35006148B8 /* Interior_designTests.xctest */,
				FB882DE12E40EC35006148B8 /* Interior_designUITests.xctest */,
			);
			name = Products;
			sourceTree = "<group>";
		};
		FB882DF42E41D39A006148B8 /* Frameworks */ = {
			isa = PBXGroup;
			children = (
				FB882DF72E41D3A5006148B8 /* RealityKit.framework */,
				FB882DF52E41D39B006148B8 /* ARKit.framework */,
			);
			name = Frameworks;
			sourceTree = "<group>";
		};
/* End PBXGroup section */

/* Begin PBXNativeTarget section */
		FB882DC82E40EC22006148B8 /* Interior_design */ = {
			isa = PBXNativeTarget;
			buildConfigurationList = FB882DEB2E40EC35006148B8 /* Build configuration list for PBXNativeTarget "Interior_design" */;
			buildPhases = (
				FB882DC52E40EC22006148B8 /* Sources */,
				FB882DC62E40EC22006148B8 /* Frameworks */,
				FB882DC72E40EC22006148B8 /* Resources */,
			);
			buildRules = (
			);
			dependencies = (
			);
			fileSystemSynchronizedGroups = (
				FB882DCB2E40EC22006148B8 /* Interior_design */,
			);
			name = Interior_design;
			packageProductDependencies = (
			);
			productName = Interior_design;
			productReference = FB882DC92E40EC22006148B8 /* Interior_design.app */;
			productType = "com.apple.product-type.application";
		};
		FB882DD62E40EC35006148B8 /* Interior_designTests */ = {
			isa = PBXNativeTarget;
			buildConfigurationList = FB882DEE2E40EC35006148B8 /* Build configuration list for PBXNativeTarget "Interior_designTests" */;
			buildPhases = (
				FB882DD32E40EC35006148B8 /* Sources */,
				FB882DD42E40EC35006148B8 /* Frameworks */,
				FB882DD52E40EC35006148B8 /* Resources */,
			);
			buildRules = (
			);
			dependencies = (
				FB882DD92E40EC35006148B8 /* PBXTargetDependency */,
			);
			fileSystemSynchronizedGroups = (
				FB882DDA2E40EC35006148B8 /* Interior_designTests */,
			);
			name = Interior_designTests;
			packageProductDependencies = (
			);
			productName = Interior_designTests;
			productReference = FB882DD72E40EC35006148B8 /* Interior_designTests.xctest */;
			productType = "com.apple.product-type.bundle.unit-test";
		};
		FB882DE02E40EC35006148B8 /* Interior_designUITests */ = {
			isa = PBXNativeTarget;
			buildConfigurationList = FB882DF12E40EC35006148B8 /* Build configuration list for PBXNativeTarget "Interior_designUITests" */;
			buildPhases = (
				FB882DDD2E40EC35006148B8 /* Sources */,
				FB882DDE2E40EC35006148B8 /* Frameworks */,
				FB882DDF2E40EC35006148B8 /* Resources */,
			);
			buildRules = (
			);
			dependencies = (
				FB882DE32E40EC35006148B8 /* PBXTargetDependency */,
			);
			fileSystemSynchronizedGroups = (
				FB882DE42E40EC35006148B8 /* Interior_designUITests */,
			);
			name = Interior_designUITests;
			packageProductDependencies = (
			);
			productName = Interior_designUITests;
			productReference = FB882DE12E40EC35006148B8 /* Interior_designUITests.xctest */;
			productType = "com.apple.product-type.bundle.ui-testing";
		};
/* End PBXNativeTarget section */

/* Begin PBXProject section */
		FB882DC12E40EC22006148B8 /* Project object */ = {
			isa = PBXProject;
			attributes = {
				BuildIndependentTargetsInParallel = 1;
				LastSwiftUpdateCheck = 1640;
				LastUpgradeCheck = 1640;
				TargetAttributes = {
					FB882DC82E40EC22006148B8 = {
						CreatedOnToolsVersion = 16.4;
					};
					FB882DD62E40EC35006148B8 = {
						CreatedOnToolsVersion = 16.4;
						TestTargetID = FB882DC82E40EC22006148B8;
					};
					FB882DE02E40EC35006148B8 = {
						CreatedOnToolsVersion = 16.4;
						TestTargetID = FB882DC82E40EC22006148B8;
					};
				};
			};
			buildConfigurationList = FB882DC42E40EC22006148B8 /* Build configuration list for PBXProject "Interior_design" */;
			developmentRegion = en;
			hasScannedForEncodings = 0;
			knownRegions = (
				en,
				Base,
			);
			mainGroup = FB882DC02E40EC22006148B8;
			minimizedProjectReferenceProxies = 1;
			preferredProjectObjectVersion = 77;
			productRefGroup = FB882DCA2E40EC22006148B8 /* Products */;
			projectDirPath = "";
			projectRoot = "";
			targets = (
				FB882DC82E40EC22006148B8 /* Interior_design */,
				FB882DD62E40EC35006148B8 /* Interior_designTests */,
				FB882DE02E40EC35006148B8 /* Interior_designUITests */,
			);
		};
/* End PBXProject section */

/* Begin PBXResourcesBuildPhase section */
		FB882DC72E40EC22006148B8 /* Resources */ = {
			isa = PBXResourcesBuildPhase;
			buildActionMask = 2147483647;
			files = (
			);
			runOnlyForDeploymentPostprocessing = 0;
		};
		FB882DD52E40EC35006148B8 /* Resources */ = {
			isa = PBXResourcesBuildPhase;
			buildActionMask = 2147483647;
			files = (
			);
			runOnlyForDeploymentPostprocessing = 0;
		};
		FB882DDF2E40EC35006148B8 /* Resources */ = {
			isa = PBXResourcesBuildPhase;
			buildActionMask = 2147483647;
			files = (
			);
			runOnlyForDeploymentPostprocessing = 0;
		};
/* End PBXResourcesBuildPhase section */

/* Begin PBXSourcesBuildPhase section */
		FB882DC52E40EC22006148B8 /* Sources */ = {
			isa = PBXSourcesBuildPhase;
			buildActionMask = 2147483647;
			files = (
			);
			runOnlyForDeploymentPostprocessing = 0;
		};
		FB882DD32E40EC35006148B8 /* Sources */ = {
			isa = PBXSourcesBuildPhase;
			buildActionMask = 2147483647;
			files = (
			);
			runOnlyForDeploymentPostprocessing = 0;
		};
		FB882DDD2E40EC35006148B8 /* Sources */ = {
			isa = PBXSourcesBuildPhase;
			buildActionMask = 2147483647;
			files = (
			);
			runOnlyForDeploymentPostprocessing = 0;
		};
/* End PBXSourcesBuildPhase section */

/* Begin PBXTargetDependency section */
		FB882DD92E40EC35006148B8 /* PBXTargetDependency */ = {
			isa = PBXTargetDependency;
			target = FB882DC82E40EC22006148B8 /* Interior_design */;
			targetProxy = FB882DD82E40EC35006148B8 /* PBXContainerItemProxy */;
		};
		FB882DE32E40EC35006148B8 /* PBXTargetDependency */ = {
			isa = PBXTargetDependency;
			target = FB882DC82E40EC22006148B8 /* Interior_design */;
			targetProxy = FB882DE22E40EC35006148B8 /* PBXContainerItemProxy */;
		};
/* End PBXTargetDependency section */

/* Begin XCBuildConfiguration section */
		FB882DE92E40EC35006148B8 /* Debug */ = {
			isa = XCBuildConfiguration;
			buildSettings = {
				ALWAYS_SEARCH_USER_PATHS = NO;
				ASSETCATALOG_COMPILER_GENERATE_SWIFT_ASSET_SYMBOL_EXTENSIONS = YES;
				CLANG_ANALYZER_NONNULL = YES;
				CLANG_ANALYZER_NUMBER_OBJECT_CONVERSION = YES_AGGRESSIVE;
				CLANG_CXX_LANGUAGE_STANDARD = "gnu++20";
				CLANG_ENABLE_MODULES = YES;
				CLANG_ENABLE_OBJC_ARC = YES;
				CLANG_ENABLE_OBJC_WEAK = YES;
				CLANG_WARN_BLOCK_CAPTURE_AUTORELEASING = YES;
				CLANG_WARN_BOOL_CONVERSION = YES;
				CLANG_WARN_COMMA = YES;
				CLANG_WARN_CONSTANT_CONVERSION = YES;
				CLANG_WARN_DEPRECATED_OBJC_IMPLEMENTATIONS = YES;
				CLANG_WARN_DIRECT_OBJC_ISA_USAGE = YES_ERROR;
				CLANG_WARN_DOCUMENTATION_COMMENTS = YES;
				CLANG_WARN_EMPTY_BODY = YES;
				CLANG_WARN_ENUM_CONVERSION = YES;
				CLANG_WARN_INFINITE_RECURSION = YES;
				CLANG_WARN_INT_CONVERSION = YES;
				CLANG_WARN_NON_LITERAL_NULL_CONVERSION = YES;
				CLANG_WARN_OBJC_IMPLICIT_RETAIN_SELF = YES;
				CLANG_WARN_OBJC_LITERAL_CONVERSION = YES;
				CLANG_WARN_OBJC_ROOT_CLASS = YES_ERROR;
				CLANG_WARN_QUOTED_INCLUDE_IN_FRAMEWORK_HEADER = YES;
				CLANG_WARN_RANGE_LOOP_ANALYSIS = YES;
				CLANG_WARN_STRICT_PROTOTYPES = YES;
				CLANG_WARN_SUSPICIOUS_MOVE = YES;
				CLANG_WARN_UNGUARDED_AVAILABILITY = YES_AGGRESSIVE;
				CLANG_WARN_UNREACHABLE_CODE = YES;
				CLANG_WARN__DUPLICATE_METHOD_MATCH = YES;
				COPY_PHASE_STRIP = NO;
				DEBUG_INFORMATION_FORMAT = dwarf;
				DEVELOPMENT_TEAM = 5BR8H6ZB3A;
				ENABLE_STRICT_OBJC_MSGSEND = YES;
				ENABLE_TESTABILITY = YES;
				ENABLE_USER_SCRIPT_SANDBOXING = YES;
				GCC_C_LANGUAGE_STANDARD = gnu17;
				GCC_DYNAMIC_NO_PIC = NO;
				GCC_NO_COMMON_BLOCKS = YES;
				GCC_OPTIMIZATION_LEVEL = 0;
				GCC_PREPROCESSOR_DEFINITIONS = (
					"DEBUG=1",
					"$(inherited)",
				);
				GCC_WARN_64_TO_32_BIT_CONVERSION = YES;
				GCC_WARN_ABOUT_RETURN_TYPE = YES_ERROR;
				GCC_WARN_UNDECLARED_SELECTOR = YES;
				GCC_WARN_UNINITIALIZED_AUTOS = YES_AGGRESSIVE;
				GCC_WARN_UNUSED_FUNCTION = YES;
				GCC_WARN_UNUSED_VARIABLE = YES;
				LOCALIZATION_PREFERS_STRING_CATALOGS = YES;
				MTL_ENABLE_DEBUG_INFO = INCLUDE_SOURCE;
				MTL_FAST_MATH = YES;
				ONLY_ACTIVE_ARCH = YES;
				SWIFT_ACTIVE_COMPILATION_CONDITIONS = "DEBUG $(inherited)";
				SWIFT_OPTIMIZATION_LEVEL = "-Onone";
			};
			name = Debug;
		};
		FB882DEA2E40EC35006148B8 /* Release */ = {
			isa = XCBuildConfiguration;
			buildSettings = {
				ALWAYS_SEARCH_USER_PATHS = NO;
				ASSETCATALOG_COMPILER_GENERATE_SWIFT_ASSET_SYMBOL_EXTENSIONS = YES;
				CLANG_ANALYZER_NONNULL = YES;
				CLANG_ANALYZER_NUMBER_OBJECT_CONVERSION = YES_AGGRESSIVE;
				CLANG_CXX_LANGUAGE_STANDARD = "gnu++20";
				CLANG_ENABLE_MODULES = YES;
				CLANG_ENABLE_OBJC_ARC = YES;
				CLANG_ENABLE_OBJC_WEAK = YES;
				CLANG_WARN_BLOCK_CAPTURE_AUTORELEASING = YES;
				CLANG_WARN_BOOL_CONVERSION = YES;
				CLANG_WARN_COMMA = YES;
				CLANG_WARN_CONSTANT_CONVERSION = YES;
				CLANG_WARN_DEPRECATED_OBJC_IMPLEMENTATIONS = YES;
				CLANG_WARN_DIRECT_OBJC_ISA_USAGE = YES_ERROR;
				CLANG_WARN_DOCUMENTATION_COMMENTS = YES;
				CLANG_WARN_EMPTY_BODY = YES;
				CLANG_WARN_ENUM_CONVERSION = YES;
				CLANG_WARN_INFINITE_RECURSION = YES;
				CLANG_WARN_INT_CONVERSION = YES;
				CLANG_WARN_NON_LITERAL_NULL_CONVERSION = YES;
				CLANG_WARN_OBJC_IMPLICIT_RETAIN_SELF = YES;
				CLANG_WARN_OBJC_LITERAL_CONVERSION = YES;
				CLANG_WARN_OBJC_ROOT_CLASS = YES_ERROR;
				CLANG_WARN_QUOTED_INCLUDE_IN_FRAMEWORK_HEADER = YES;
				CLANG_WARN_RANGE_LOOP_ANALYSIS = YES;
				CLANG_WARN_STRICT_PROTOTYPES = YES;
				CLANG_WARN_SUSPICIOUS_MOVE = YES;
				CLANG_WARN_UNGUARDED_AVAILABILITY = YES_AGGRESSIVE;
				CLANG_WARN_UNREACHABLE_CODE = YES;
				CLANG_WARN__DUPLICATE_METHOD_MATCH = YES;
				COPY_PHASE_STRIP = NO;
				DEBUG_INFORMATION_FORMAT = "dwarf-with-dsym";
				DEVELOPMENT_TEAM = 5BR8H6ZB3A;
				ENABLE_NS_ASSERTIONS = NO;
				ENABLE_STRICT_OBJC_MSGSEND = YES;
				ENABLE_USER_SCRIPT_SANDBOXING = YES;
				GCC_C_LANGUAGE_STANDARD = gnu17;
				GCC_NO_COMMON_BLOCKS = YES;
				GCC_WARN_64_TO_32_BIT_CONVERSION = YES;
				GCC_WARN_ABOUT_RETURN_TYPE = YES_ERROR;
				GCC_WARN_UNDECLARED_SELECTOR = YES;
				GCC_WARN_UNINITIALIZED_AUTOS = YES_AGGRESSIVE;
				GCC_WARN_UNUSED_FUNCTION = YES;
				GCC_WARN_UNUSED_VARIABLE = YES;
				LOCALIZATION_PREFERS_STRING_CATALOGS = YES;
				MTL_ENABLE_DEBUG_INFO = NO;
				MTL_FAST_MATH = YES;
				SWIFT_COMPILATION_MODE = wholemodule;
			};
			name = Release;
		};
		FB882DEC2E40EC35006148B8 /* Debug */ = {
			isa = XCBuildConfiguration;
			buildSettings = {
				ASSETCATALOG_COMPILER_APPICON_NAME = AppIcon;
				ASSETCATALOG_COMPILER_GLOBAL_ACCENT_COLOR_NAME = AccentColor;
				CODE_SIGN_ENTITLEMENTS = Interior_design/Interior_design.entitlements;
				CODE_SIGN_STYLE = Automatic;
				CURRENT_PROJECT_VERSION = 1;
				DEVELOPMENT_TEAM = 5BR8H6ZB3A;
				ENABLE_HARDENED_RUNTIME = YES;
				ENABLE_PREVIEWS = YES;
				GENERATE_INFOPLIST_FILE = YES;
				"INFOPLIST_KEY_UIApplicationSceneManifest_Generation[sdk=iphoneos*]" = YES;
				"INFOPLIST_KEY_UIApplicationSceneManifest_Generation[sdk=iphonesimulator*]" = YES;
				"INFOPLIST_KEY_UIApplicationSupportsIndirectInputEvents[sdk=iphoneos*]" = YES;
				"INFOPLIST_KEY_UIApplicationSupportsIndirectInputEvents[sdk=iphonesimulator*]" = YES;
				"INFOPLIST_KEY_UILaunchScreen_Generation[sdk=iphoneos*]" = YES;
				"INFOPLIST_KEY_UILaunchScreen_Generation[sdk=iphonesimulator*]" = YES;
				"INFOPLIST_KEY_UIStatusBarStyle[sdk=iphoneos*]" = UIStatusBarStyleDefault;
				"INFOPLIST_KEY_UIStatusBarStyle[sdk=iphonesimulator*]" = UIStatusBarStyleDefault;
				INFOPLIST_KEY_UISupportedInterfaceOrientations_iPad = "UIInterfaceOrientationPortrait UIInterfaceOrientationPortraitUpsideDown UIInterfaceOrientationLandscapeLeft UIInterfaceOrientationLandscapeRight";
				INFOPLIST_KEY_UISupportedInterfaceOrientations_iPhone = "UIInterfaceOrientationPortrait UIInterfaceOrientationLandscapeLeft UIInterfaceOrientationLandscapeRight";
				IPHONEOS_DEPLOYMENT_TARGET = 18.5;
				LD_RUNPATH_SEARCH_PATHS = "@executable_path/Frameworks";
				"LD_RUNPATH_SEARCH_PATHS[sdk=macosx*]" = "@executable_path/../Frameworks";
				MACOSX_DEPLOYMENT_TARGET = 15.5;
				MARKETING_VERSION = 1.0;
				PRODUCT_BUNDLE_IDENTIFIER = "parth.Interior-design";
				PRODUCT_NAME = "$(TARGET_NAME)";
				REGISTER_APP_GROUPS = YES;
				SDKROOT = auto;
				SUPPORTED_PLATFORMS = "iphoneos iphonesimulator macosx xros xrsimulator";
				SWIFT_EMIT_LOC_STRINGS = YES;
				SWIFT_VERSION = 5.0;
				TARGETED_DEVICE_FAMILY = "1,2,7";
				XROS_DEPLOYMENT_TARGET = 2.5;
			};
			name = Debug;
		};
		FB882DED2E40EC35006148B8 /* Release */ = {
			isa = XCBuildConfiguration;
			buildSettings = {
				ASSETCATALOG_COMPILER_APPICON_NAME = AppIcon;
				ASSETCATALOG_COMPILER_GLOBAL_ACCENT_COLOR_NAME = AccentColor;
				CODE_SIGN_ENTITLEMENTS = Interior_design/Interior_design.entitlements;
				CODE_SIGN_STYLE = Automatic;
				CURRENT_PROJECT_VERSION = 1;
				DEVELOPMENT_TEAM = 5BR8H6ZB3A;
				ENABLE_HARDENED_RUNTIME = YES;
				ENABLE_PREVIEWS = YES;
				GENERATE_INFOPLIST_FILE = YES;
				"INFOPLIST_KEY_UIApplicationSceneManifest_Generation[sdk=iphoneos*]" = YES;
				"INFOPLIST_KEY_UIApplicationSceneManifest_Generation[sdk=iphonesimulator*]" = YES;
				"INFOPLIST_KEY_UIApplicationSupportsIndirectInputEvents[sdk=iphoneos*]" = YES;
				"INFOPLIST_KEY_UIApplicationSupportsIndirectInputEvents[sdk=iphonesimulator*]" = YES;
				"INFOPLIST_KEY_UILaunchScreen_Generation[sdk=iphoneos*]" = YES;
				"INFOPLIST_KEY_UILaunchScreen_Generation[sdk=iphonesimulator*]" = YES;
				"INFOPLIST_KEY_UIStatusBarStyle[sdk=iphoneos*]" = UIStatusBarStyleDefault;
				"INFOPLIST_KEY_UIStatusBarStyle[sdk=iphonesimulator*]" = UIStatusBarStyleDefault;
				INFOPLIST_KEY_UISupportedInterfaceOrientations_iPad = "UIInterfaceOrientationPortrait UIInterfaceOrientationPortraitUpsideDown UIInterfaceOrientationLandscapeLeft UIInterfaceOrientationLandscapeRight";
				INFOPLIST_KEY_UISupportedInterfaceOrientations_iPhone = "UIInterfaceOrientationPortrait UIInterfaceOrientationLandscapeLeft UIInterfaceOrientationLandscapeRight";
				IPHONEOS_DEPLOYMENT_TARGET = 18.5;
				LD_RUNPATH_SEARCH_PATHS = "@executable_path/Frameworks";
				"LD_RUNPATH_SEARCH_PATHS[sdk=macosx*]" = "@executable_path/../Frameworks";
				MACOSX_DEPLOYMENT_TARGET = 15.5;
				MARKETING_VERSION = 1.0;
				PRODUCT_BUNDLE_IDENTIFIER = "parth.Interior-design";
				PRODUCT_NAME = "$(TARGET_NAME)";
				REGISTER_APP_GROUPS = YES;
				SDKROOT = auto;
				SUPPORTED_PLATFORMS = "iphoneos iphonesimulator macosx xros xrsimulator";
				SWIFT_EMIT_LOC_STRINGS = YES;
				SWIFT_VERSION = 5.0;
				TARGETED_DEVICE_FAMILY = "1,2,7";
				XROS_DEPLOYMENT_TARGET = 2.5;
			};
			name = Release;
		};
		FB882DEF2E40EC35006148B8 /* Debug */ = {
			isa = XCBuildConfiguration;
			buildSettings = {
				BUNDLE_LOADER = "$(TEST_HOST)";
				CODE_SIGN_STYLE = Automatic;
				CURRENT_PROJECT_VERSION = 1;
				DEVELOPMENT_TEAM = 5BR8H6ZB3A;
				GENERATE_INFOPLIST_FILE = YES;
				IPHONEOS_DEPLOYMENT_TARGET = 18.5;
				MACOSX_DEPLOYMENT_TARGET = 15.5;
				MARKETING_VERSION = 1.0;
				PRODUCT_BUNDLE_IDENTIFIER = "parth.Interior-designTests";
				PRODUCT_NAME = "$(TARGET_NAME)";
				SDKROOT = auto;
				SUPPORTED_PLATFORMS = "iphoneos iphonesimulator macosx xros xrsimulator";
				SWIFT_EMIT_LOC_STRINGS = NO;
				SWIFT_VERSION = 5.0;
				TARGETED_DEVICE_FAMILY = "1,2,7";
				TEST_HOST = "$(BUILT_PRODUCTS_DIR)/Interior_design.app/$(BUNDLE_EXECUTABLE_FOLDER_PATH)/Interior_design";
				XROS_DEPLOYMENT_TARGET = 2.5;
			};
			name = Debug;
		};
		FB882DF02E40EC35006148B8 /* Release */ = {
			isa = XCBuildConfiguration;
			buildSettings = {
				BUNDLE_LOADER = "$(TEST_HOST)";
				CODE_SIGN_STYLE = Automatic;
				CURRENT_PROJECT_VERSION = 1;
				DEVELOPMENT_TEAM = 5BR8H6ZB3A;
				GENERATE_INFOPLIST_FILE = YES;
				IPHONEOS_DEPLOYMENT_TARGET = 18.5;
				MACOSX_DEPLOYMENT_TARGET = 15.5;
				MARKETING_VERSION = 1.0;
				PRODUCT_BUNDLE_IDENTIFIER = "parth.Interior-designTests";
				PRODUCT_NAME = "$(TARGET_NAME)";
				SDKROOT = auto;
				SUPPORTED_PLATFORMS = "iphoneos iphonesimulator macosx xros xrsimulator";
				SWIFT_EMIT_LOC_STRINGS = NO;
				SWIFT_VERSION = 5.0;
				TARGETED_DEVICE_FAMILY = "1,2,7";
				TEST_HOST = "$(BUILT_PRODUCTS_DIR)/Interior_design.app/$(BUNDLE_EXECUTABLE_FOLDER_PATH)/Interior_design";
				XROS_DEPLOYMENT_TARGET = 2.5;
			};
			name = Release;
		};
		FB882DF22E40EC35006148B8 /* Debug */ = {
			isa = XCBuildConfiguration;
			buildSettings = {
				CODE_SIGN_STYLE = Automatic;
				CURRENT_PROJECT_VERSION = 1;
				DEVELOPMENT_TEAM = 5BR8H6ZB3A;
				GENERATE_INFOPLIST_FILE = YES;
				IPHONEOS_DEPLOYMENT_TARGET = 18.5;
				MACOSX_DEPLOYMENT_TARGET = 15.5;
				MARKETING_VERSION = 1.0;
				PRODUCT_BUNDLE_IDENTIFIER = "parth.Interior-designUITests";
				PRODUCT_NAME = "$(TARGET_NAME)";
				SDKROOT = auto;
				SUPPORTED_PLATFORMS = "iphoneos iphonesimulator macosx xros xrsimulator";
				SWIFT_EMIT_LOC_STRINGS = NO;
				SWIFT_VERSION = 5.0;
				TARGETED_DEVICE_FAMILY = "1,2,7";
				TEST_TARGET_NAME = Interior_design;
				XROS_DEPLOYMENT_TARGET = 2.5;
			};
			name = Debug;
		};
		FB882DF32E40EC35006148B8 /* Release */ = {
			isa = XCBuildConfiguration;
			buildSettings = {
				CODE_SIGN_STYLE = Automatic;
				CURRENT_PROJECT_VERSION = 1;
				DEVELOPMENT_TEAM = 5BR8H6ZB3A;
				GENERATE_INFOPLIST_FILE = YES;
				IPHONEOS_DEPLOYMENT_TARGET = 18.5;
				MACOSX_DEPLOYMENT_TARGET = 15.5;
				MARKETING_VERSION = 1.0;
				PRODUCT_BUNDLE_IDENTIFIER = "parth.Interior-designUITests";
				PRODUCT_NAME = "$(TARGET_NAME)";
				SDKROOT = auto;
				SUPPORTED_PLATFORMS = "iphoneos iphonesimulator macosx xros xrsimulator";
				SWIFT_EMIT_LOC_STRINGS = NO;
				SWIFT_VERSION = 5.0;
				TARGETED_DEVICE_FAMILY = "1,2,7";
				TEST_TARGET_NAME = Interior_design;
				XROS_DEPLOYMENT_TARGET = 2.5;
			};
			name = Release;
		};
/* End XCBuildConfiguration section */

/* Begin XCConfigurationList section */
		FB882DC42E40EC22006148B8 /* Build configuration list for PBXProject "Interior_design" */ = {
			isa = XCConfigurationList;
			buildConfigurations = (
				FB882DE92E40EC35006148B8 /* Debug */,
				FB882DEA2E40EC35006148B8 /* Release */,
			);
			defaultConfigurationIsVisible = 0;
			defaultConfigurationName = Release;
		};
		FB882DEB2E40EC35006148B8 /* Build configuration list for PBXNativeTarget "Interior_design" */ = {
			isa = XCConfigurationList;
			buildConfigurations = (
				FB882DEC2E40EC35006148B8 /* Debug */,
				FB882DED2E40EC35006148B8 /* Release */,
			);
			defaultConfigurationIsVisible = 0;
			defaultConfigurationName = Release;
		};
		FB882DEE2E40EC35006148B8 /* Build configuration list for PBXNativeTarget "Interior_designTests" */ = {
			isa = XCConfigurationList;
			buildConfigurations = (
				FB882DEF2E40EC35006148B8 /* Debug */,
				FB882DF02E40EC35006148B8 /* Release */,
			);
			defaultConfigurationIsVisible = 0;
			defaultConfigurationName = Release;
		};
		FB882DF12E40EC35006148B8 /* Build configuration list for PBXNativeTarget "Interior_designUITests" */ = {
			isa = XCConfigurationList;
			buildConfigurations = (
				FB882DF22E40EC35006148B8 /* Debug */,
				FB882DF32E40EC35006148B8 /* Release */,
			);
			defaultConfigurationIsVisible = 0;
			defaultConfigurationName = Release;
		};
/* End XCConfigurationList section */
	};
	rootObject = FB882DC12E40EC22006148B8 /* Project object */;
}
